// !$*UTF8*$!
{
	archiveVersion = 1;
	classes = {
	};
	objectVersion = 46;
	objects = {

/* Begin PBXBuildFile section */
		D89FCBF51AB9B62500803962 /* main.m in Sources */ = {isa = PBXBuildFile; fileRef = D89FCBF41AB9B62500803962 /* main.m */; };
		D89FCBF81AB9B62500803962 /* AppDelegate.m in Sources */ = {isa = PBXBuildFile; fileRef = D89FCBF71AB9B62500803962 /* AppDelegate.m */; };
		D89FCBFB1AB9B62500803962 /* ViewController.m in Sources */ = {isa = PBXBuildFile; fileRef = D89FCBFA1AB9B62500803962 /* ViewController.m */; };
		D89FCBFE1AB9B62500803962 /* Main.storyboard in Resources */ = {isa = PBXBuildFile; fileRef = D89FCBFC1AB9B62500803962 /* Main.storyboard */; };
		D89FCC001AB9B62500803962 /* Images.xcassets in Resources */ = {isa = PBXBuildFile; fileRef = D89FCBFF1AB9B62500803962 /* Images.xcassets */; };
		D89FCC031AB9B62500803962 /* LaunchScreen.xib in Resources */ = {isa = PBXBuildFile; fileRef = D89FCC011AB9B62500803962 /* LaunchScreen.xib */; };
		D89FCC0F1AB9B62500803962 /* GithubFriendsTests.m in Sources */ = {isa = PBXBuildFile; fileRef = D89FCC0E1AB9B62500803962 /* GithubFriendsTests.m */; };
/* End PBXBuildFile section */

/* Begin PBXContainerItemProxy section */
		D89FCC091AB9B62500803962 /* PBXContainerItemProxy */ = {
			isa = PBXContainerItemProxy;
			containerPortal = D89FCBE71AB9B62500803962 /* Project object */;
			proxyType = 1;
			remoteGlobalIDString = D89FCBEE1AB9B62500803962;
			remoteInfo = GithubFriends;
		};
/* End PBXContainerItemProxy section */

/* Begin PBXFileReference section */
		D89FCBEF1AB9B62500803962 /* GithubFriends.app */ = {isa = PBXFileReference; explicitFileType = wrapper.application; includeInIndex = 0; path = GithubFriends.app; sourceTree = BUILT_PRODUCTS_DIR; };
		D89FCBF31AB9B62500803962 /* Info.plist */ = {isa = PBXFileReference; lastKnownFileType = text.plist.xml; path = Info.plist; sourceTree = "<group>"; };
		D89FCBF41AB9B62500803962 /* main.m */ = {isa = PBXFileReference; lastKnownFileType = sourcecode.c.objc; path = main.m; sourceTree = "<group>"; };
		D89FCBF61AB9B62500803962 /* AppDelegate.h */ = {isa = PBXFileReference; lastKnownFileType = sourcecode.c.h; path = AppDelegate.h; sourceTree = "<group>"; };
		D89FCBF71AB9B62500803962 /* AppDelegate.m */ = {isa = PBXFileReference; lastKnownFileType = sourcecode.c.objc; path = AppDelegate.m; sourceTree = "<group>"; };
		D89FCBF91AB9B62500803962 /* ViewController.h */ = {isa = PBXFileReference; lastKnownFileType = sourcecode.c.h; path = ViewController.h; sourceTree = "<group>"; };
		D89FCBFA1AB9B62500803962 /* ViewController.m */ = {isa = PBXFileReference; lastKnownFileType = sourcecode.c.objc; path = ViewController.m; sourceTree = "<group>"; };
		D89FCBFD1AB9B62500803962 /* Base */ = {isa = PBXFileReference; lastKnownFileType = file.storyboard; name = Base; path = Base.lproj/Main.storyboard; sourceTree = "<group>"; };
		D89FCBFF1AB9B62500803962 /* Images.xcassets */ = {isa = PBXFileReference; lastKnownFileType = folder.assetcatalog; path = Images.xcassets; sourceTree = "<group>"; };
		D89FCC021AB9B62500803962 /* Base */ = {isa = PBXFileReference; lastKnownFileType = file.xib; name = Base; path = Base.lproj/LaunchScreen.xib; sourceTree = "<group>"; };
		D89FCC081AB9B62500803962 /* GithubFriendsTests.xctest */ = {isa = PBXFileReference; explicitFileType = wrapper.cfbundle; includeInIndex = 0; path = GithubFriendsTests.xctest; sourceTree = BUILT_PRODUCTS_DIR; };
		D89FCC0D1AB9B62500803962 /* Info.plist */ = {isa = PBXFileReference; lastKnownFileType = text.plist.xml; path = Info.plist; sourceTree = "<group>"; };
		D89FCC0E1AB9B62500803962 /* GithubFriendsTests.m */ = {isa = PBXFileReference; lastKnownFileType = sourcecode.c.objc; path = GithubFriendsTests.m; sourceTree = "<group>"; };
/* End PBXFileReference section */

/* Begin PBXFrameworksBuildPhase section */
		D89FCBEC1AB9B62500803962 /* Frameworks */ = {
			isa = PBXFrameworksBuildPhase;
			buildActionMask = 2147483647;
			files = (
			);
			runOnlyForDeploymentPostprocessing = 0;
		};
		D89FCC051AB9B62500803962 /* Frameworks */ = {
			isa = PBXFrameworksBuildPhase;
			buildActionMask = 2147483647;
			files = (
			);
			runOnlyForDeploymentPostprocessing = 0;
		};
/* End PBXFrameworksBuildPhase section */

/* Begin PBXGroup section */
		D89FCBE61AB9B62500803962 = {
			isa = PBXGroup;
			children = (
				D89FCBF11AB9B62500803962 /* GithubFriends */,
				D89FCC0B1AB9B62500803962 /* GithubFriendsTests */,
				D89FCBF01AB9B62500803962 /* Products */,
			);
			sourceTree = "<group>";
		};
		D89FCBF01AB9B62500803962 /* Products */ = {
			isa = PBXGroup;
			children = (
				D89FCBEF1AB9B62500803962 /* GithubFriends.app */,
				D89FCC081AB9B62500803962 /* GithubFriendsTests.xctest */,
			);
			name = Products;
			sourceTree = "<group>";
		};
		D89FCBF11AB9B62500803962 /* GithubFriends */ = {
			isa = PBXGroup;
			children = (
				D89FCBF61AB9B62500803962 /* AppDelegate.h */,
				D89FCBF71AB9B62500803962 /* AppDelegate.m */,
				D89FCBF91AB9B62500803962 /* ViewController.h */,
				D89FCBFA1AB9B62500803962 /* ViewController.m */,
				D89FCBFC1AB9B62500803962 /* Main.storyboard */,
				D89FCBFF1AB9B62500803962 /* Images.xcassets */,
				D89FCC011AB9B62500803962 /* LaunchScreen.xib */,
				D89FCBF21AB9B62500803962 /* Supporting Files */,
			);
			path = GithubFriends;
			sourceTree = "<group>";
		};
		D89FCBF21AB9B62500803962 /* Supporting Files */ = {
			isa = PBXGroup;
			children = (
				D89FCBF31AB9B62500803962 /* Info.plist */,
				D89FCBF41AB9B62500803962 /* main.m */,
			);
			name = "Supporting Files";
			sourceTree = "<group>";
		};
		D89FCC0B1AB9B62500803962 /* GithubFriendsTests */ = {
			isa = PBXGroup;
			children = (
				D89FCC0E1AB9B62500803962 /* GithubFriendsTests.m */,
				D89FCC0C1AB9B62500803962 /* Supporting Files */,
			);
			path = GithubFriendsTests;
			sourceTree = "<group>";
		};
		D89FCC0C1AB9B62500803962 /* Supporting Files */ = {
			isa = PBXGroup;
			children = (
				D89FCC0D1AB9B62500803962 /* Info.plist */,
			);
			name = "Supporting Files";
			sourceTree = "<group>";
		};
/* End PBXGroup section */

/* Begin PBXNativeTarget section */
		D89FCBEE1AB9B62500803962 /* GithubFriends */ = {
			isa = PBXNativeTarget;
			buildConfigurationList = D89FCC121AB9B62500803962 /* Build configuration list for PBXNativeTarget "GithubFriends" */;
			buildPhases = (
				D89FCBEB1AB9B62500803962 /* Sources */,
				D89FCBEC1AB9B62500803962 /* Frameworks */,
				D89FCBED1AB9B62500803962 /* Resources */,
			);
			buildRules = (
			);
			dependencies = (
			);
			name = GithubFriends;
			productName = GithubFriends;
			productReference = D89FCBEF1AB9B62500803962 /* GithubFriends.app */;
			productType = "com.apple.product-type.application";
		};
		D89FCC071AB9B62500803962 /* GithubFriendsTests */ = {
			isa = PBXNativeTarget;
			buildConfigurationList = D89FCC151AB9B62500803962 /* Build configuration list for PBXNativeTarget "GithubFriendsTests" */;
			buildPhases = (
				D89FCC041AB9B62500803962 /* Sources */,
				D89FCC051AB9B62500803962 /* Frameworks */,
				D89FCC061AB9B62500803962 /* Resources */,
			);
			buildRules = (
			);
			dependencies = (
				D89FCC0A1AB9B62500803962 /* PBXTargetDependency */,
			);
			name = GithubFriendsTests;
			productName = GithubFriendsTests;
			productReference = D89FCC081AB9B62500803962 /* GithubFriendsTests.xctest */;
			productType = "com.apple.product-type.bundle.unit-test";
		};
/* End PBXNativeTarget section */

/* Begin PBXProject section */
		D89FCBE71AB9B62500803962 /* Project object */ = {
			isa = PBXProject;
			attributes = {
				LastUpgradeCheck = 0620;
				ORGANIZATIONNAME = "The Iron Yard";
				TargetAttributes = {
					D89FCBEE1AB9B62500803962 = {
						CreatedOnToolsVersion = 6.2;
					};
					D89FCC071AB9B62500803962 = {
						CreatedOnToolsVersion = 6.2;
						TestTargetID = D89FCBEE1AB9B62500803962;
					};
				};
			};
			buildConfigurationList = D89FCBEA1AB9B62500803962 /* Build configuration list for PBXProject "GithubFriends" */;
			compatibilityVersion = "Xcode 3.2";
			developmentRegion = English;
			hasScannedForEncodings = 0;
			knownRegions = (
				en,
				Base,
			);
			mainGroup = D89FCBE61AB9B62500803962;
			productRefGroup = D89FCBF01AB9B62500803962 /* Products */;
			projectDirPath = "";
			projectRoot = "";
			targets = (
				D89FCBEE1AB9B62500803962 /* GithubFriends */,
				D89FCC071AB9B62500803962 /* GithubFriendsTests */,
			);
		};
/* End PBXProject section */

/* Begin PBXResourcesBuildPhase section */
		D89FCBED1AB9B62500803962 /* Resources */ = {
			isa = PBXResourcesBuildPhase;
			buildActionMask = 2147483647;
			files = (
				D89FCBFE1AB9B62500803962 /* Main.storyboard in Resources */,
				D89FCC031AB9B62500803962 /* LaunchScreen.xib in Resources */,
				D89FCC001AB9B62500803962 /* Images.xcassets in Resources */,
			);
			runOnlyForDeploymentPostprocessing = 0;
		};
		D89FCC061AB9B62500803962 /* Resources */ = {
			isa = PBXResourcesBuildPhase;
			buildActionMask = 2147483647;
			files = (
			);
			runOnlyForDeploymentPostprocessing = 0;
		};
/* End PBXResourcesBuildPhase section */

/* Begin PBXSourcesBuildPhase section */
		D89FCBEB1AB9B62500803962 /* Sources */ = {
			isa = PBXSourcesBuildPhase;
			buildActionMask = 2147483647;
			files = (
				D89FCBFB1AB9B62500803962 /* ViewController.m in Sources */,
				D89FCBF81AB9B62500803962 /* AppDelegate.m in Sources */,
				D89FCBF51AB9B62500803962 /* main.m in Sources */,
			);
			runOnlyForDeploymentPostprocessing = 0;
		};
		D89FCC041AB9B62500803962 /* Sources */ = {
			isa = PBXSourcesBuildPhase;
			buildActionMask = 2147483647;
			files = (
				D89FCC0F1AB9B62500803962 /* GithubFriendsTests.m in Sources */,
			);
			runOnlyForDeploymentPostprocessing = 0;
		};
/* End PBXSourcesBuildPhase section */

/* Begin PBXTargetDependency section */
		D89FCC0A1AB9B62500803962 /* PBXTargetDependency */ = {
			isa = PBXTargetDependency;
			target = D89FCBEE1AB9B62500803962 /* GithubFriends */;
			targetProxy = D89FCC091AB9B62500803962 /* PBXContainerItemProxy */;
		};
/* End PBXTargetDependency section */

/* Begin PBXVariantGroup section */
		D89FCBFC1AB9B62500803962 /* Main.storyboard */ = {
			isa = PBXVariantGroup;
			children = (
				D89FCBFD1AB9B62500803962 /* Base */,
			);
			name = Main.storyboard;
			sourceTree = "<group>";
		};
		D89FCC011AB9B62500803962 /* LaunchScreen.xib */ = {
			isa = PBXVariantGroup;
			children = (
				D89FCC021AB9B62500803962 /* Base */,
			);
			name = LaunchScreen.xib;
			sourceTree = "<group>";
		};
/* End PBXVariantGroup section */

/* Begin XCBuildConfiguration section */
		D89FCC101AB9B62500803962 /* Debug */ = {
			isa = XCBuildConfiguration;
			buildSettings = {
				ALWAYS_SEARCH_USER_PATHS = NO;
				CLANG_CXX_LANGUAGE_STANDARD = "gnu++0x";
				CLANG_CXX_LIBRARY = "libc++";
				CLANG_ENABLE_MODULES = YES;
				CLANG_ENABLE_OBJC_ARC = YES;
				CLANG_WARN_BOOL_CONVERSION = YES;
				CLANG_WARN_CONSTANT_CONVERSION = YES;
				CLANG_WARN_DIRECT_OBJC_ISA_USAGE = YES_ERROR;
				CLANG_WARN_EMPTY_BODY = YES;
				CLANG_WARN_ENUM_CONVERSION = YES;
				CLANG_WARN_INT_CONVERSION = YES;
				CLANG_WARN_OBJC_ROOT_CLASS = YES_ERROR;
				CLANG_WARN_UNREACHABLE_CODE = YES;
				CLANG_WARN__DUPLICATE_METHOD_MATCH = YES;
				"CODE_SIGN_IDENTITY[sdk=iphoneos*]" = "iPhone Developer";
				COPY_PHASE_STRIP = NO;
				ENABLE_STRICT_OBJC_MSGSEND = YES;
				GCC_C_LANGUAGE_STANDARD = gnu99;
				GCC_DYNAMIC_NO_PIC = NO;
				GCC_OPTIMIZATION_LEVEL = 0;
				GCC_PREPROCESSOR_DEFINITIONS = (
					"DEBUG=1",
					"$(inherited)",
				);
				GCC_SYMBOLS_PRIVATE_EXTERN = NO;
				GCC_WARN_64_TO_32_BIT_CONVERSION = YES;
				GCC_WARN_ABOUT_RETURN_TYPE = YES_ERROR;
				GCC_WARN_UNDECLARED_SELECTOR = YES;
				GCC_WARN_UNINITIALIZED_AUTOS = YES_AGGRESSIVE;
				GCC_WARN_UNUSED_FUNCTION = YES;
				GCC_WARN_UNUSED_VARIABLE = YES;
				IPHONEOS_DEPLOYMENT_TARGET = 8.2;
				MTL_ENABLE_DEBUG_INFO = YES;
				ONLY_ACTIVE_ARCH = YES;
				SDKROOT = iphoneos;
			};
			name = Debug;
		};
		D89FCC111AB9B62500803962 /* Release */ = {
			isa = XCBuildConfiguration;
			buildSettings = {
				ALWAYS_SEARCH_USER_PATHS = NO;
				CLANG_CXX_LANGUAGE_STANDARD = "gnu++0x";
				CLANG_CXX_LIBRARY = "libc++";
				CLANG_ENABLE_MODULES = YES;
				CLANG_ENABLE_OBJC_ARC = YES;
				CLANG_WARN_BOOL_CONVERSION = YES;
				CLANG_WARN_CONSTANT_CONVERSION = YES;
				CLANG_WARN_DIRECT_OBJC_ISA_USAGE = YES_ERROR;
				CLANG_WARN_EMPTY_BODY = YES;
				CLANG_WARN_ENUM_CONVERSION = YES;
				CLANG_WARN_INT_CONVERSION = YES;
				CLANG_WARN_OBJC_ROOT_CLASS = YES_ERROR;
				CLANG_WARN_UNREACHABLE_CODE = YES;
				CLANG_WARN__DUPLICATE_METHOD_MATCH = YES;
				"CODE_SIGN_IDENTITY[sdk=iphoneos*]" = "iPhone Developer";
				COPY_PHASE_STRIP = NO;
				ENABLE_NS_ASSERTIONS = NO;
				ENABLE_STRICT_OBJC_MSGSEND = YES;
				GCC_C_LANGUAGE_STANDARD = gnu99;
				GCC_WARN_64_TO_32_BIT_CONVERSION = YES;
				GCC_WARN_ABOUT_RETURN_TYPE = YES_ERROR;
				GCC_WARN_UNDECLARED_SELECTOR = YES;
				GCC_WARN_UNINITIALIZED_AUTOS = YES_AGGRESSIVE;
				GCC_WARN_UNUSED_FUNCTION = YES;
				GCC_WARN_UNUSED_VARIABLE = YES;
				IPHONEOS_DEPLOYMENT_TARGET = 8.2;
				MTL_ENABLE_DEBUG_INFO = NO;
				SDKROOT = iphoneos;
				VALIDATE_PRODUCT = YES;
			};
			name = Release;
		};
		D89FCC131AB9B62500803962 /* Debug */ = {
			isa = XCBuildConfiguration;
			buildSettings = {
				ASSETCATALOG_COMPILER_APPICON_NAME = AppIcon;
				INFOPLIST_FILE = GithubFriends/Info.plist;
				LD_RUNPATH_SEARCH_PATHS = "$(inherited) @executable_path/Frameworks";
				PRODUCT_NAME = "$(TARGET_NAME)";
			};
			name = Debug;
		};
		D89FCC141AB9B62500803962 /* Release */ = {
			isa = XCBuildConfiguration;
			buildSettings = {
				ASSETCATALOG_COMPILER_APPICON_NAME = AppIcon;
				INFOPLIST_FILE = GithubFriends/Info.plist;
				LD_RUNPATH_SEARCH_PATHS = "$(inherited) @executable_path/Frameworks";
				PRODUCT_NAME = "$(TARGET_NAME)";
			};
			name = Release;
		};
		D89FCC161AB9B62500803962 /* Debug */ = {
			isa = XCBuildConfiguration;
			buildSettings = {
				BUNDLE_LOADER = "$(TEST_HOST)";
				FRAMEWORK_SEARCH_PATHS = (
					"$(SDKROOT)/Developer/Library/Frameworks",
					"$(inherited)",
				);
				GCC_PREPROCESSOR_DEFINITIONS = (
					"DEBUG=1",
					"$(inherited)",
				);
				INFOPLIST_FILE = GithubFriendsTests/Info.plist;
				LD_RUNPATH_SEARCH_PATHS = "$(inherited) @executable_path/Frameworks @loader_path/Frameworks";
				PRODUCT_NAME = "$(TARGET_NAME)";
				TEST_HOST = "$(BUILT_PRODUCTS_DIR)/GithubFriends.app/GithubFriends";
			};
			name = Debug;
		};
		D89FCC171AB9B62500803962 /* Release */ = {
			isa = XCBuildConfiguration;
			buildSettings = {
				BUNDLE_LOADER = "$(TEST_HOST)";
				FRAMEWORK_SEARCH_PATHS = (
					"$(SDKROOT)/Developer/Library/Frameworks",
					"$(inherited)",
				);
				INFOPLIST_FILE = GithubFriendsTests/Info.plist;
				LD_RUNPATH_SEARCH_PATHS = "$(inherited) @executable_path/Frameworks @loader_path/Frameworks";
				PRODUCT_NAME = "$(TARGET_NAME)";
				TEST_HOST = "$(BUILT_PRODUCTS_DIR)/GithubFriends.app/GithubFriends";
			};
			name = Release;
		};
/* End XCBuildConfiguration section */

/* Begin XCConfigurationList section */
		D89FCBEA1AB9B62500803962 /* Build configuration list for PBXProject "GithubFriends" */ = {
			isa = XCConfigurationList;
			buildConfigurations = (
				D89FCC101AB9B62500803962 /* Debug */,
				D89FCC111AB9B62500803962 /* Release */,
			);
			defaultConfigurationIsVisible = 0;
			defaultConfigurationName = Release;
		};
		D89FCC121AB9B62500803962 /* Build configuration list for PBXNativeTarget "GithubFriends" */ = {
			isa = XCConfigurationList;
			buildConfigurations = (
				D89FCC131AB9B62500803962 /* Debug */,
				D89FCC141AB9B62500803962 /* Release */,
			);
			defaultConfigurationIsVisible = 0;
		};
		D89FCC151AB9B62500803962 /* Build configuration list for PBXNativeTarget "GithubFriendsTests" */ = {
			isa = XCConfigurationList;
			buildConfigurations = (
				D89FCC161AB9B62500803962 /* Debug */,
				D89FCC171AB9B62500803962 /* Release */,
			);
			defaultConfigurationIsVisible = 0;
		};
/* End XCConfigurationList section */
	};
	rootObject = D89FCBE71AB9B62500803962 /* Project object */;
}
