// !$*UTF8*$!
{
	archiveVersion = 1;
	classes = {
	};
	objectVersion = 46;
	objects = {

/* Begin PBXBuildFile section */
		D85EFF2B1AB89D55002083ED /* main.m in Sources */ = {isa = PBXBuildFile; fileRef = D85EFF2A1AB89D55002083ED /* main.m */; };
		D85EFF2E1AB89D55002083ED /* AppDelegate.m in Sources */ = {isa = PBXBuildFile; fileRef = D85EFF2D1AB89D55002083ED /* AppDelegate.m */; };
		D85EFF341AB89D55002083ED /* Main.storyboard in Resources */ = {isa = PBXBuildFile; fileRef = D85EFF321AB89D55002083ED /* Main.storyboard */; };
		D85EFF361AB89D55002083ED /* Images.xcassets in Resources */ = {isa = PBXBuildFile; fileRef = D85EFF351AB89D55002083ED /* Images.xcassets */; };
		D85EFF391AB89D55002083ED /* LaunchScreen.xib in Resources */ = {isa = PBXBuildFile; fileRef = D85EFF371AB89D55002083ED /* LaunchScreen.xib */; };
		D85EFF451AB89D55002083ED /* _4____CounterTests.m in Sources */ = {isa = PBXBuildFile; fileRef = D85EFF441AB89D55002083ED /* _4____CounterTests.m */; };
		D85EFF501AB89D99002083ED /* CounterTableViewController.m in Sources */ = {isa = PBXBuildFile; fileRef = D85EFF4F1AB89D99002083ED /* CounterTableViewController.m */; };
		D85EFF531AB8A86B002083ED /* CounterCell.m in Sources */ = {isa = PBXBuildFile; fileRef = D85EFF521AB8A86B002083ED /* CounterCell.m */; };
		D85EFF561AB8ABF8002083ED /* CounterItem.m in Sources */ = {isa = PBXBuildFile; fileRef = D85EFF551AB8ABF8002083ED /* CounterItem.m */; };
/* End PBXBuildFile section */

/* Begin PBXContainerItemProxy section */
		D85EFF3F1AB89D55002083ED /* PBXContainerItemProxy */ = {
			isa = PBXContainerItemProxy;
			containerPortal = D85EFF1D1AB89D55002083ED /* Project object */;
			proxyType = 1;
			remoteGlobalIDString = D85EFF241AB89D55002083ED;
			remoteInfo = "14 -- Counter";
		};
/* End PBXContainerItemProxy section */

/* Begin PBXFileReference section */
		D85EFF251AB89D55002083ED /* 14 -- Counter.app */ = {isa = PBXFileReference; explicitFileType = wrapper.application; includeInIndex = 0; path = "14 -- Counter.app"; sourceTree = BUILT_PRODUCTS_DIR; };
		D85EFF291AB89D55002083ED /* Info.plist */ = {isa = PBXFileReference; lastKnownFileType = text.plist.xml; path = Info.plist; sourceTree = "<group>"; };
		D85EFF2A1AB89D55002083ED /* main.m */ = {isa = PBXFileReference; lastKnownFileType = sourcecode.c.objc; path = main.m; sourceTree = "<group>"; };
		D85EFF2C1AB89D55002083ED /* AppDelegate.h */ = {isa = PBXFileReference; lastKnownFileType = sourcecode.c.h; path = AppDelegate.h; sourceTree = "<group>"; };
		D85EFF2D1AB89D55002083ED /* AppDelegate.m */ = {isa = PBXFileReference; lastKnownFileType = sourcecode.c.objc; path = AppDelegate.m; sourceTree = "<group>"; };
		D85EFF331AB89D55002083ED /* Base */ = {isa = PBXFileReference; lastKnownFileType = file.storyboard; name = Base; path = Base.lproj/Main.storyboard; sourceTree = "<group>"; };
		D85EFF351AB89D55002083ED /* Images.xcassets */ = {isa = PBXFileReference; lastKnownFileType = folder.assetcatalog; path = Images.xcassets; sourceTree = "<group>"; };
		D85EFF381AB89D55002083ED /* Base */ = {isa = PBXFileReference; lastKnownFileType = file.xib; name = Base; path = Base.lproj/LaunchScreen.xib; sourceTree = "<group>"; };
		D85EFF3E1AB89D55002083ED /* 14 -- CounterTests.xctest */ = {isa = PBXFileReference; explicitFileType = wrapper.cfbundle; includeInIndex = 0; path = "14 -- CounterTests.xctest"; sourceTree = BUILT_PRODUCTS_DIR; };
		D85EFF431AB89D55002083ED /* Info.plist */ = {isa = PBXFileReference; lastKnownFileType = text.plist.xml; path = Info.plist; sourceTree = "<group>"; };
		D85EFF441AB89D55002083ED /* _4____CounterTests.m */ = {isa = PBXFileReference; lastKnownFileType = sourcecode.c.objc; path = "_4____CounterTests.m"; sourceTree = "<group>"; };
		D85EFF4E1AB89D99002083ED /* CounterTableViewController.h */ = {isa = PBXFileReference; fileEncoding = 4; lastKnownFileType = sourcecode.c.h; path = CounterTableViewController.h; sourceTree = "<group>"; };
		D85EFF4F1AB89D99002083ED /* CounterTableViewController.m */ = {isa = PBXFileReference; fileEncoding = 4; lastKnownFileType = sourcecode.c.objc; path = CounterTableViewController.m; sourceTree = "<group>"; };
		D85EFF511AB8A86B002083ED /* CounterCell.h */ = {isa = PBXFileReference; fileEncoding = 4; lastKnownFileType = sourcecode.c.h; path = CounterCell.h; sourceTree = "<group>"; };
		D85EFF521AB8A86B002083ED /* CounterCell.m */ = {isa = PBXFileReference; fileEncoding = 4; lastKnownFileType = sourcecode.c.objc; path = CounterCell.m; sourceTree = "<group>"; };
		D85EFF541AB8ABF8002083ED /* CounterItem.h */ = {isa = PBXFileReference; fileEncoding = 4; lastKnownFileType = sourcecode.c.h; path = CounterItem.h; sourceTree = "<group>"; };
		D85EFF551AB8ABF8002083ED /* CounterItem.m */ = {isa = PBXFileReference; fileEncoding = 4; lastKnownFileType = sourcecode.c.objc; path = CounterItem.m; sourceTree = "<group>"; };
/* End PBXFileReference section */

/* Begin PBXFrameworksBuildPhase section */
		D85EFF221AB89D55002083ED /* Frameworks */ = {
			isa = PBXFrameworksBuildPhase;
			buildActionMask = 2147483647;
			files = (
			);
			runOnlyForDeploymentPostprocessing = 0;
		};
		D85EFF3B1AB89D55002083ED /* Frameworks */ = {
			isa = PBXFrameworksBuildPhase;
			buildActionMask = 2147483647;
			files = (
			);
			runOnlyForDeploymentPostprocessing = 0;
		};
/* End PBXFrameworksBuildPhase section */

/* Begin PBXGroup section */
		D85EFF1C1AB89D55002083ED = {
			isa = PBXGroup;
			children = (
				D85EFF271AB89D55002083ED /* 14 -- Counter */,
				D85EFF411AB89D55002083ED /* 14 -- CounterTests */,
				D85EFF261AB89D55002083ED /* Products */,
			);
			sourceTree = "<group>";
		};
		D85EFF261AB89D55002083ED /* Products */ = {
			isa = PBXGroup;
			children = (
				D85EFF251AB89D55002083ED /* 14 -- Counter.app */,
				D85EFF3E1AB89D55002083ED /* 14 -- CounterTests.xctest */,
			);
			name = Products;
			sourceTree = "<group>";
		};
		D85EFF271AB89D55002083ED /* 14 -- Counter */ = {
			isa = PBXGroup;
			children = (
				D85EFF2C1AB89D55002083ED /* AppDelegate.h */,
				D85EFF2D1AB89D55002083ED /* AppDelegate.m */,
				D85EFF4E1AB89D99002083ED /* CounterTableViewController.h */,
				D85EFF4F1AB89D99002083ED /* CounterTableViewController.m */,
				D85EFF511AB8A86B002083ED /* CounterCell.h */,
				D85EFF521AB8A86B002083ED /* CounterCell.m */,
				D85EFF541AB8ABF8002083ED /* CounterItem.h */,
				D85EFF551AB8ABF8002083ED /* CounterItem.m */,
				D85EFF321AB89D55002083ED /* Main.storyboard */,
				D85EFF351AB89D55002083ED /* Images.xcassets */,
				D85EFF371AB89D55002083ED /* LaunchScreen.xib */,
				D85EFF281AB89D55002083ED /* Supporting Files */,
			);
			path = "14 -- Counter";
			sourceTree = "<group>";
		};
		D85EFF281AB89D55002083ED /* Supporting Files */ = {
			isa = PBXGroup;
			children = (
				D85EFF291AB89D55002083ED /* Info.plist */,
				D85EFF2A1AB89D55002083ED /* main.m */,
			);
			name = "Supporting Files";
			sourceTree = "<group>";
		};
		D85EFF411AB89D55002083ED /* 14 -- CounterTests */ = {
			isa = PBXGroup;
			children = (
				D85EFF441AB89D55002083ED /* _4____CounterTests.m */,
				D85EFF421AB89D55002083ED /* Supporting Files */,
			);
			path = "14 -- CounterTests";
			sourceTree = "<group>";
		};
		D85EFF421AB89D55002083ED /* Supporting Files */ = {
			isa = PBXGroup;
			children = (
				D85EFF431AB89D55002083ED /* Info.plist */,
			);
			name = "Supporting Files";
			sourceTree = "<group>";
		};
/* End PBXGroup section */

/* Begin PBXNativeTarget section */
		D85EFF241AB89D55002083ED /* 14 -- Counter */ = {
			isa = PBXNativeTarget;
			buildConfigurationList = D85EFF481AB89D55002083ED /* Build configuration list for PBXNativeTarget "14 -- Counter" */;
			buildPhases = (
				D85EFF211AB89D55002083ED /* Sources */,
				D85EFF221AB89D55002083ED /* Frameworks */,
				D85EFF231AB89D55002083ED /* Resources */,
			);
			buildRules = (
			);
			dependencies = (
			);
			name = "14 -- Counter";
			productName = "14 -- Counter";
			productReference = D85EFF251AB89D55002083ED /* 14 -- Counter.app */;
			productType = "com.apple.product-type.application";
		};
		D85EFF3D1AB89D55002083ED /* 14 -- CounterTests */ = {
			isa = PBXNativeTarget;
			buildConfigurationList = D85EFF4B1AB89D55002083ED /* Build configuration list for PBXNativeTarget "14 -- CounterTests" */;
			buildPhases = (
				D85EFF3A1AB89D55002083ED /* Sources */,
				D85EFF3B1AB89D55002083ED /* Frameworks */,
				D85EFF3C1AB89D55002083ED /* Resources */,
			);
			buildRules = (
			);
			dependencies = (
				D85EFF401AB89D55002083ED /* PBXTargetDependency */,
			);
			name = "14 -- CounterTests";
			productName = "14 -- CounterTests";
			productReference = D85EFF3E1AB89D55002083ED /* 14 -- CounterTests.xctest */;
			productType = "com.apple.product-type.bundle.unit-test";
		};
/* End PBXNativeTarget section */

/* Begin PBXProject section */
		D85EFF1D1AB89D55002083ED /* Project object */ = {
			isa = PBXProject;
			attributes = {
				LastUpgradeCheck = 0620;
				ORGANIZATIONNAME = "The Iron Yard";
				TargetAttributes = {
					D85EFF241AB89D55002083ED = {
						CreatedOnToolsVersion = 6.2;
					};
					D85EFF3D1AB89D55002083ED = {
						CreatedOnToolsVersion = 6.2;
						TestTargetID = D85EFF241AB89D55002083ED;
					};
				};
			};
			buildConfigurationList = D85EFF201AB89D55002083ED /* Build configuration list for PBXProject "14 -- Counter" */;
			compatibilityVersion = "Xcode 3.2";
			developmentRegion = English;
			hasScannedForEncodings = 0;
			knownRegions = (
				en,
				Base,
			);
			mainGroup = D85EFF1C1AB89D55002083ED;
			productRefGroup = D85EFF261AB89D55002083ED /* Products */;
			projectDirPath = "";
			projectRoot = "";
			targets = (
				D85EFF241AB89D55002083ED /* 14 -- Counter */,
				D85EFF3D1AB89D55002083ED /* 14 -- CounterTests */,
			);
		};
/* End PBXProject section */

/* Begin PBXResourcesBuildPhase section */
		D85EFF231AB89D55002083ED /* Resources */ = {
			isa = PBXResourcesBuildPhase;
			buildActionMask = 2147483647;
			files = (
				D85EFF341AB89D55002083ED /* Main.storyboard in Resources */,
				D85EFF391AB89D55002083ED /* LaunchScreen.xib in Resources */,
				D85EFF361AB89D55002083ED /* Images.xcassets in Resources */,
			);
			runOnlyForDeploymentPostprocessing = 0;
		};
		D85EFF3C1AB89D55002083ED /* Resources */ = {
			isa = PBXResourcesBuildPhase;
			buildActionMask = 2147483647;
			files = (
			);
			runOnlyForDeploymentPostprocessing = 0;
		};
/* End PBXResourcesBuildPhase section */

/* Begin PBXSourcesBuildPhase section */
		D85EFF211AB89D55002083ED /* Sources */ = {
			isa = PBXSourcesBuildPhase;
			buildActionMask = 2147483647;
			files = (
				D85EFF531AB8A86B002083ED /* CounterCell.m in Sources */,
				D85EFF2E1AB89D55002083ED /* AppDelegate.m in Sources */,
				D85EFF561AB8ABF8002083ED /* CounterItem.m in Sources */,
				D85EFF501AB89D99002083ED /* CounterTableViewController.m in Sources */,
				D85EFF2B1AB89D55002083ED /* main.m in Sources */,
			);
			runOnlyForDeploymentPostprocessing = 0;
		};
		D85EFF3A1AB89D55002083ED /* Sources */ = {
			isa = PBXSourcesBuildPhase;
			buildActionMask = 2147483647;
			files = (
				D85EFF451AB89D55002083ED /* _4____CounterTests.m in Sources */,
			);
			runOnlyForDeploymentPostprocessing = 0;
		};
/* End PBXSourcesBuildPhase section */

/* Begin PBXTargetDependency section */
		D85EFF401AB89D55002083ED /* PBXTargetDependency */ = {
			isa = PBXTargetDependency;
			target = D85EFF241AB89D55002083ED /* 14 -- Counter */;
			targetProxy = D85EFF3F1AB89D55002083ED /* PBXContainerItemProxy */;
		};
/* End PBXTargetDependency section */

/* Begin PBXVariantGroup section */
		D85EFF321AB89D55002083ED /* Main.storyboard */ = {
			isa = PBXVariantGroup;
			children = (
				D85EFF331AB89D55002083ED /* Base */,
			);
			name = Main.storyboard;
			sourceTree = "<group>";
		};
		D85EFF371AB89D55002083ED /* LaunchScreen.xib */ = {
			isa = PBXVariantGroup;
			children = (
				D85EFF381AB89D55002083ED /* Base */,
			);
			name = LaunchScreen.xib;
			sourceTree = "<group>";
		};
/* End PBXVariantGroup section */

/* Begin XCBuildConfiguration section */
		D85EFF461AB89D55002083ED /* Debug */ = {
			isa = XCBuildConfiguration;
			buildSettings = {
				ALWAYS_SEARCH_USER_PATHS = NO;
				CLANG_CXX_LANGUAGE_STANDARD = "gnu++0x";
				CLANG_CXX_LIBRARY = "libc++";
				CLANG_ENABLE_MODULES = YES;
				CLANG_ENABLE_OBJC_ARC = YES;
				CLANG_WARN_BOOL_CONVERSION = YES;
				CLANG_WARN_CONSTANT_CONVERSION = YES;
				CLANG_WARN_DIRECT_OBJC_ISA_USAGE = YES_ERROR;
				CLANG_WARN_EMPTY_BODY = YES;
				CLANG_WARN_ENUM_CONVERSION = YES;
				CLANG_WARN_INT_CONVERSION = YES;
				CLANG_WARN_OBJC_ROOT_CLASS = YES_ERROR;
				CLANG_WARN_UNREACHABLE_CODE = YES;
				CLANG_WARN__DUPLICATE_METHOD_MATCH = YES;
				"CODE_SIGN_IDENTITY[sdk=iphoneos*]" = "iPhone Developer";
				COPY_PHASE_STRIP = NO;
				ENABLE_STRICT_OBJC_MSGSEND = YES;
				GCC_C_LANGUAGE_STANDARD = gnu99;
				GCC_DYNAMIC_NO_PIC = NO;
				GCC_OPTIMIZATION_LEVEL = 0;
				GCC_PREPROCESSOR_DEFINITIONS = (
					"DEBUG=1",
					"$(inherited)",
				);
				GCC_SYMBOLS_PRIVATE_EXTERN = NO;
				GCC_WARN_64_TO_32_BIT_CONVERSION = YES;
				GCC_WARN_ABOUT_RETURN_TYPE = YES_ERROR;
				GCC_WARN_UNDECLARED_SELECTOR = YES;
				GCC_WARN_UNINITIALIZED_AUTOS = YES_AGGRESSIVE;
				GCC_WARN_UNUSED_FUNCTION = YES;
				GCC_WARN_UNUSED_VARIABLE = YES;
				IPHONEOS_DEPLOYMENT_TARGET = 8.2;
				MTL_ENABLE_DEBUG_INFO = YES;
				ONLY_ACTIVE_ARCH = YES;
				SDKROOT = iphoneos;
				TARGETED_DEVICE_FAMILY = "1,2";
			};
			name = Debug;
		};
		D85EFF471AB89D55002083ED /* Release */ = {
			isa = XCBuildConfiguration;
			buildSettings = {
				ALWAYS_SEARCH_USER_PATHS = NO;
				CLANG_CXX_LANGUAGE_STANDARD = "gnu++0x";
				CLANG_CXX_LIBRARY = "libc++";
				CLANG_ENABLE_MODULES = YES;
				CLANG_ENABLE_OBJC_ARC = YES;
				CLANG_WARN_BOOL_CONVERSION = YES;
				CLANG_WARN_CONSTANT_CONVERSION = YES;
				CLANG_WARN_DIRECT_OBJC_ISA_USAGE = YES_ERROR;
				CLANG_WARN_EMPTY_BODY = YES;
				CLANG_WARN_ENUM_CONVERSION = YES;
				CLANG_WARN_INT_CONVERSION = YES;
				CLANG_WARN_OBJC_ROOT_CLASS = YES_ERROR;
				CLANG_WARN_UNREACHABLE_CODE = YES;
				CLANG_WARN__DUPLICATE_METHOD_MATCH = YES;
				"CODE_SIGN_IDENTITY[sdk=iphoneos*]" = "iPhone Developer";
				COPY_PHASE_STRIP = NO;
				ENABLE_NS_ASSERTIONS = NO;
				ENABLE_STRICT_OBJC_MSGSEND = YES;
				GCC_C_LANGUAGE_STANDARD = gnu99;
				GCC_WARN_64_TO_32_BIT_CONVERSION = YES;
				GCC_WARN_ABOUT_RETURN_TYPE = YES_ERROR;
				GCC_WARN_UNDECLARED_SELECTOR = YES;
				GCC_WARN_UNINITIALIZED_AUTOS = YES_AGGRESSIVE;
				GCC_WARN_UNUSED_FUNCTION = YES;
				GCC_WARN_UNUSED_VARIABLE = YES;
				IPHONEOS_DEPLOYMENT_TARGET = 8.2;
				MTL_ENABLE_DEBUG_INFO = NO;
				SDKROOT = iphoneos;
				TARGETED_DEVICE_FAMILY = "1,2";
				VALIDATE_PRODUCT = YES;
			};
			name = Release;
		};
		D85EFF491AB89D55002083ED /* Debug */ = {
			isa = XCBuildConfiguration;
			buildSettings = {
				ASSETCATALOG_COMPILER_APPICON_NAME = AppIcon;
				INFOPLIST_FILE = "14 -- Counter/Info.plist";
				LD_RUNPATH_SEARCH_PATHS = "$(inherited) @executable_path/Frameworks";
				PRODUCT_NAME = "$(TARGET_NAME)";
			};
			name = Debug;
		};
		D85EFF4A1AB89D55002083ED /* Release */ = {
			isa = XCBuildConfiguration;
			buildSettings = {
				ASSETCATALOG_COMPILER_APPICON_NAME = AppIcon;
				INFOPLIST_FILE = "14 -- Counter/Info.plist";
				LD_RUNPATH_SEARCH_PATHS = "$(inherited) @executable_path/Frameworks";
				PRODUCT_NAME = "$(TARGET_NAME)";
			};
			name = Release;
		};
		D85EFF4C1AB89D55002083ED /* Debug */ = {
			isa = XCBuildConfiguration;
			buildSettings = {
				BUNDLE_LOADER = "$(TEST_HOST)";
				FRAMEWORK_SEARCH_PATHS = (
					"$(SDKROOT)/Developer/Library/Frameworks",
					"$(inherited)",
				);
				GCC_PREPROCESSOR_DEFINITIONS = (
					"DEBUG=1",
					"$(inherited)",
				);
				INFOPLIST_FILE = "14 -- CounterTests/Info.plist";
				LD_RUNPATH_SEARCH_PATHS = "$(inherited) @executable_path/Frameworks @loader_path/Frameworks";
				PRODUCT_NAME = "$(TARGET_NAME)";
				TEST_HOST = "$(BUILT_PRODUCTS_DIR)/14 -- Counter.app/14 -- Counter";
			};
			name = Debug;
		};
		D85EFF4D1AB89D55002083ED /* Release */ = {
			isa = XCBuildConfiguration;
			buildSettings = {
				BUNDLE_LOADER = "$(TEST_HOST)";
				FRAMEWORK_SEARCH_PATHS = (
					"$(SDKROOT)/Developer/Library/Frameworks",
					"$(inherited)",
				);
				INFOPLIST_FILE = "14 -- CounterTests/Info.plist";
				LD_RUNPATH_SEARCH_PATHS = "$(inherited) @executable_path/Frameworks @loader_path/Frameworks";
				PRODUCT_NAME = "$(TARGET_NAME)";
				TEST_HOST = "$(BUILT_PRODUCTS_DIR)/14 -- Counter.app/14 -- Counter";
			};
			name = Release;
		};
/* End XCBuildConfiguration section */

/* Begin XCConfigurationList section */
		D85EFF201AB89D55002083ED /* Build configuration list for PBXProject "14 -- Counter" */ = {
			isa = XCConfigurationList;
			buildConfigurations = (
				D85EFF461AB89D55002083ED /* Debug */,
				D85EFF471AB89D55002083ED /* Release */,
			);
			defaultConfigurationIsVisible = 0;
			defaultConfigurationName = Release;
		};
		D85EFF481AB89D55002083ED /* Build configuration list for PBXNativeTarget "14 -- Counter" */ = {
			isa = XCConfigurationList;
			buildConfigurations = (
				D85EFF491AB89D55002083ED /* Debug */,
				D85EFF4A1AB89D55002083ED /* Release */,
			);
			defaultConfigurationIsVisible = 0;
		};
		D85EFF4B1AB89D55002083ED /* Build configuration list for PBXNativeTarget "14 -- CounterTests" */ = {
			isa = XCConfigurationList;
			buildConfigurations = (
				D85EFF4C1AB89D55002083ED /* Debug */,
				D85EFF4D1AB89D55002083ED /* Release */,
			);
			defaultConfigurationIsVisible = 0;
		};
/* End XCConfigurationList section */
	};
	rootObject = D85EFF1D1AB89D55002083ED /* Project object */;
}
