// !$*UTF8*$!
{
	archiveVersion = 1;
	classes = {
	};
	objectVersion = 46;
	objects = {

/* Begin PBXBuildFile section */
		D8EB79971ABB45540058A474 /* main.m in Sources */ = {isa = PBXBuildFile; fileRef = D8EB79961ABB45540058A474 /* main.m */; };
		D8EB799A1ABB45540058A474 /* AppDelegate.m in Sources */ = {isa = PBXBuildFile; fileRef = D8EB79991ABB45540058A474 /* AppDelegate.m */; };
		D8EB799D1ABB45540058A474 /* ViewController.m in Sources */ = {isa = PBXBuildFile; fileRef = D8EB799C1ABB45540058A474 /* ViewController.m */; };
		D8EB79A01ABB45540058A474 /* Main.storyboard in Resources */ = {isa = PBXBuildFile; fileRef = D8EB799E1ABB45540058A474 /* Main.storyboard */; };
		D8EB79A21ABB45540058A474 /* Images.xcassets in Resources */ = {isa = PBXBuildFile; fileRef = D8EB79A11ABB45540058A474 /* Images.xcassets */; };
		D8EB79A51ABB45540058A474 /* LaunchScreen.xib in Resources */ = {isa = PBXBuildFile; fileRef = D8EB79A31ABB45540058A474 /* LaunchScreen.xib */; };
		D8EB79B11ABB45540058A474 /* _6____ForcasterTests.m in Sources */ = {isa = PBXBuildFile; fileRef = D8EB79B01ABB45540058A474 /* _6____ForcasterTests.m */; };
/* End PBXBuildFile section */

/* Begin PBXContainerItemProxy section */
		D8EB79AB1ABB45540058A474 /* PBXContainerItemProxy */ = {
			isa = PBXContainerItemProxy;
			containerPortal = D8EB79891ABB45540058A474 /* Project object */;
			proxyType = 1;
			remoteGlobalIDString = D8EB79901ABB45540058A474;
			remoteInfo = "16 -- Forcaster";
		};
/* End PBXContainerItemProxy section */

/* Begin PBXFileReference section */
		D8EB79911ABB45540058A474 /* 16 -- Forcaster.app */ = {isa = PBXFileReference; explicitFileType = wrapper.application; includeInIndex = 0; path = "16 -- Forcaster.app"; sourceTree = BUILT_PRODUCTS_DIR; };
		D8EB79951ABB45540058A474 /* Info.plist */ = {isa = PBXFileReference; lastKnownFileType = text.plist.xml; path = Info.plist; sourceTree = "<group>"; };
		D8EB79961ABB45540058A474 /* main.m */ = {isa = PBXFileReference; lastKnownFileType = sourcecode.c.objc; path = main.m; sourceTree = "<group>"; };
		D8EB79981ABB45540058A474 /* AppDelegate.h */ = {isa = PBXFileReference; lastKnownFileType = sourcecode.c.h; path = AppDelegate.h; sourceTree = "<group>"; };
		D8EB79991ABB45540058A474 /* AppDelegate.m */ = {isa = PBXFileReference; lastKnownFileType = sourcecode.c.objc; path = AppDelegate.m; sourceTree = "<group>"; };
		D8EB799B1ABB45540058A474 /* ViewController.h */ = {isa = PBXFileReference; lastKnownFileType = sourcecode.c.h; path = ViewController.h; sourceTree = "<group>"; };
		D8EB799C1ABB45540058A474 /* ViewController.m */ = {isa = PBXFileReference; lastKnownFileType = sourcecode.c.objc; path = ViewController.m; sourceTree = "<group>"; };
		D8EB799F1ABB45540058A474 /* Base */ = {isa = PBXFileReference; lastKnownFileType = file.storyboard; name = Base; path = Base.lproj/Main.storyboard; sourceTree = "<group>"; };
		D8EB79A11ABB45540058A474 /* Images.xcassets */ = {isa = PBXFileReference; lastKnownFileType = folder.assetcatalog; path = Images.xcassets; sourceTree = "<group>"; };
		D8EB79A41ABB45540058A474 /* Base */ = {isa = PBXFileReference; lastKnownFileType = file.xib; name = Base; path = Base.lproj/LaunchScreen.xib; sourceTree = "<group>"; };
		D8EB79AA1ABB45540058A474 /* 16 -- ForcasterTests.xctest */ = {isa = PBXFileReference; explicitFileType = wrapper.cfbundle; includeInIndex = 0; path = "16 -- ForcasterTests.xctest"; sourceTree = BUILT_PRODUCTS_DIR; };
		D8EB79AF1ABB45540058A474 /* Info.plist */ = {isa = PBXFileReference; lastKnownFileType = text.plist.xml; path = Info.plist; sourceTree = "<group>"; };
		D8EB79B01ABB45540058A474 /* _6____ForcasterTests.m */ = {isa = PBXFileReference; lastKnownFileType = sourcecode.c.objc; path = "_6____ForcasterTests.m"; sourceTree = "<group>"; };
/* End PBXFileReference section */

/* Begin PBXFrameworksBuildPhase section */
		D8EB798E1ABB45540058A474 /* Frameworks */ = {
			isa = PBXFrameworksBuildPhase;
			buildActionMask = 2147483647;
			files = (
			);
			runOnlyForDeploymentPostprocessing = 0;
		};
		D8EB79A71ABB45540058A474 /* Frameworks */ = {
			isa = PBXFrameworksBuildPhase;
			buildActionMask = 2147483647;
			files = (
			);
			runOnlyForDeploymentPostprocessing = 0;
		};
/* End PBXFrameworksBuildPhase section */

/* Begin PBXGroup section */
		D8EB79881ABB45540058A474 = {
			isa = PBXGroup;
			children = (
				D8EB79931ABB45540058A474 /* 16 -- Forcaster */,
				D8EB79AD1ABB45540058A474 /* 16 -- ForcasterTests */,
				D8EB79921ABB45540058A474 /* Products */,
			);
			sourceTree = "<group>";
		};
		D8EB79921ABB45540058A474 /* Products */ = {
			isa = PBXGroup;
			children = (
				D8EB79911ABB45540058A474 /* 16 -- Forcaster.app */,
				D8EB79AA1ABB45540058A474 /* 16 -- ForcasterTests.xctest */,
			);
			name = Products;
			sourceTree = "<group>";
		};
		D8EB79931ABB45540058A474 /* 16 -- Forcaster */ = {
			isa = PBXGroup;
			children = (
				D8EB79981ABB45540058A474 /* AppDelegate.h */,
				D8EB79991ABB45540058A474 /* AppDelegate.m */,
				D8EB799B1ABB45540058A474 /* ViewController.h */,
				D8EB799C1ABB45540058A474 /* ViewController.m */,
				D8EB799E1ABB45540058A474 /* Main.storyboard */,
				D8EB79A11ABB45540058A474 /* Images.xcassets */,
				D8EB79A31ABB45540058A474 /* LaunchScreen.xib */,
				D8EB79941ABB45540058A474 /* Supporting Files */,
			);
			path = "16 -- Forcaster";
			sourceTree = "<group>";
		};
		D8EB79941ABB45540058A474 /* Supporting Files */ = {
			isa = PBXGroup;
			children = (
				D8EB79951ABB45540058A474 /* Info.plist */,
				D8EB79961ABB45540058A474 /* main.m */,
			);
			name = "Supporting Files";
			sourceTree = "<group>";
		};
		D8EB79AD1ABB45540058A474 /* 16 -- ForcasterTests */ = {
			isa = PBXGroup;
			children = (
				D8EB79B01ABB45540058A474 /* _6____ForcasterTests.m */,
				D8EB79AE1ABB45540058A474 /* Supporting Files */,
			);
			path = "16 -- ForcasterTests";
			sourceTree = "<group>";
		};
		D8EB79AE1ABB45540058A474 /* Supporting Files */ = {
			isa = PBXGroup;
			children = (
				D8EB79AF1ABB45540058A474 /* Info.plist */,
			);
			name = "Supporting Files";
			sourceTree = "<group>";
		};
/* End PBXGroup section */

/* Begin PBXNativeTarget section */
		D8EB79901ABB45540058A474 /* 16 -- Forcaster */ = {
			isa = PBXNativeTarget;
			buildConfigurationList = D8EB79B41ABB45540058A474 /* Build configuration list for PBXNativeTarget "16 -- Forcaster" */;
			buildPhases = (
				D8EB798D1ABB45540058A474 /* Sources */,
				D8EB798E1ABB45540058A474 /* Frameworks */,
				D8EB798F1ABB45540058A474 /* Resources */,
			);
			buildRules = (
			);
			dependencies = (
			);
			name = "16 -- Forcaster";
			productName = "16 -- Forcaster";
			productReference = D8EB79911ABB45540058A474 /* 16 -- Forcaster.app */;
			productType = "com.apple.product-type.application";
		};
		D8EB79A91ABB45540058A474 /* 16 -- ForcasterTests */ = {
			isa = PBXNativeTarget;
			buildConfigurationList = D8EB79B71ABB45540058A474 /* Build configuration list for PBXNativeTarget "16 -- ForcasterTests" */;
			buildPhases = (
				D8EB79A61ABB45540058A474 /* Sources */,
				D8EB79A71ABB45540058A474 /* Frameworks */,
				D8EB79A81ABB45540058A474 /* Resources */,
			);
			buildRules = (
			);
			dependencies = (
				D8EB79AC1ABB45540058A474 /* PBXTargetDependency */,
			);
			name = "16 -- ForcasterTests";
			productName = "16 -- ForcasterTests";
			productReference = D8EB79AA1ABB45540058A474 /* 16 -- ForcasterTests.xctest */;
			productType = "com.apple.product-type.bundle.unit-test";
		};
/* End PBXNativeTarget section */

/* Begin PBXProject section */
		D8EB79891ABB45540058A474 /* Project object */ = {
			isa = PBXProject;
			attributes = {
				LastUpgradeCheck = 0620;
				ORGANIZATIONNAME = "The Iron Yard";
				TargetAttributes = {
					D8EB79901ABB45540058A474 = {
						CreatedOnToolsVersion = 6.2;
					};
					D8EB79A91ABB45540058A474 = {
						CreatedOnToolsVersion = 6.2;
						TestTargetID = D8EB79901ABB45540058A474;
					};
				};
			};
			buildConfigurationList = D8EB798C1ABB45540058A474 /* Build configuration list for PBXProject "16 -- Forcaster" */;
			compatibilityVersion = "Xcode 3.2";
			developmentRegion = English;
			hasScannedForEncodings = 0;
			knownRegions = (
				en,
				Base,
			);
			mainGroup = D8EB79881ABB45540058A474;
			productRefGroup = D8EB79921ABB45540058A474 /* Products */;
			projectDirPath = "";
			projectRoot = "";
			targets = (
				D8EB79901ABB45540058A474 /* 16 -- Forcaster */,
				D8EB79A91ABB45540058A474 /* 16 -- ForcasterTests */,
			);
		};
/* End PBXProject section */

/* Begin PBXResourcesBuildPhase section */
		D8EB798F1ABB45540058A474 /* Resources */ = {
			isa = PBXResourcesBuildPhase;
			buildActionMask = 2147483647;
			files = (
				D8EB79A01ABB45540058A474 /* Main.storyboard in Resources */,
				D8EB79A51ABB45540058A474 /* LaunchScreen.xib in Resources */,
				D8EB79A21ABB45540058A474 /* Images.xcassets in Resources */,
			);
			runOnlyForDeploymentPostprocessing = 0;
		};
		D8EB79A81ABB45540058A474 /* Resources */ = {
			isa = PBXResourcesBuildPhase;
			buildActionMask = 2147483647;
			files = (
			);
			runOnlyForDeploymentPostprocessing = 0;
		};
/* End PBXResourcesBuildPhase section */

/* Begin PBXSourcesBuildPhase section */
		D8EB798D1ABB45540058A474 /* Sources */ = {
			isa = PBXSourcesBuildPhase;
			buildActionMask = 2147483647;
			files = (
				D8EB799D1ABB45540058A474 /* ViewController.m in Sources */,
				D8EB799A1ABB45540058A474 /* AppDelegate.m in Sources */,
				D8EB79971ABB45540058A474 /* main.m in Sources */,
			);
			runOnlyForDeploymentPostprocessing = 0;
		};
		D8EB79A61ABB45540058A474 /* Sources */ = {
			isa = PBXSourcesBuildPhase;
			buildActionMask = 2147483647;
			files = (
				D8EB79B11ABB45540058A474 /* _6____ForcasterTests.m in Sources */,
			);
			runOnlyForDeploymentPostprocessing = 0;
		};
/* End PBXSourcesBuildPhase section */

/* Begin PBXTargetDependency section */
		D8EB79AC1ABB45540058A474 /* PBXTargetDependency */ = {
			isa = PBXTargetDependency;
			target = D8EB79901ABB45540058A474 /* 16 -- Forcaster */;
			targetProxy = D8EB79AB1ABB45540058A474 /* PBXContainerItemProxy */;
		};
/* End PBXTargetDependency section */

/* Begin PBXVariantGroup section */
		D8EB799E1ABB45540058A474 /* Main.storyboard */ = {
			isa = PBXVariantGroup;
			children = (
				D8EB799F1ABB45540058A474 /* Base */,
			);
			name = Main.storyboard;
			sourceTree = "<group>";
		};
		D8EB79A31ABB45540058A474 /* LaunchScreen.xib */ = {
			isa = PBXVariantGroup;
			children = (
				D8EB79A41ABB45540058A474 /* Base */,
			);
			name = LaunchScreen.xib;
			sourceTree = "<group>";
		};
/* End PBXVariantGroup section */

/* Begin XCBuildConfiguration section */
		D8EB79B21ABB45540058A474 /* Debug */ = {
			isa = XCBuildConfiguration;
			buildSettings = {
				ALWAYS_SEARCH_USER_PATHS = NO;
				CLANG_CXX_LANGUAGE_STANDARD = "gnu++0x";
				CLANG_CXX_LIBRARY = "libc++";
				CLANG_ENABLE_MODULES = YES;
				CLANG_ENABLE_OBJC_ARC = YES;
				CLANG_WARN_BOOL_CONVERSION = YES;
				CLANG_WARN_CONSTANT_CONVERSION = YES;
				CLANG_WARN_DIRECT_OBJC_ISA_USAGE = YES_ERROR;
				CLANG_WARN_EMPTY_BODY = YES;
				CLANG_WARN_ENUM_CONVERSION = YES;
				CLANG_WARN_INT_CONVERSION = YES;
				CLANG_WARN_OBJC_ROOT_CLASS = YES_ERROR;
				CLANG_WARN_UNREACHABLE_CODE = YES;
				CLANG_WARN__DUPLICATE_METHOD_MATCH = YES;
				"CODE_SIGN_IDENTITY[sdk=iphoneos*]" = "iPhone Developer";
				COPY_PHASE_STRIP = NO;
				ENABLE_STRICT_OBJC_MSGSEND = YES;
				GCC_C_LANGUAGE_STANDARD = gnu99;
				GCC_DYNAMIC_NO_PIC = NO;
				GCC_OPTIMIZATION_LEVEL = 0;
				GCC_PREPROCESSOR_DEFINITIONS = (
					"DEBUG=1",
					"$(inherited)",
				);
				GCC_SYMBOLS_PRIVATE_EXTERN = NO;
				GCC_WARN_64_TO_32_BIT_CONVERSION = YES;
				GCC_WARN_ABOUT_RETURN_TYPE = YES_ERROR;
				GCC_WARN_UNDECLARED_SELECTOR = YES;
				GCC_WARN_UNINITIALIZED_AUTOS = YES_AGGRESSIVE;
				GCC_WARN_UNUSED_FUNCTION = YES;
				GCC_WARN_UNUSED_VARIABLE = YES;
				IPHONEOS_DEPLOYMENT_TARGET = 8.2;
				MTL_ENABLE_DEBUG_INFO = YES;
				ONLY_ACTIVE_ARCH = YES;
				SDKROOT = iphoneos;
			};
			name = Debug;
		};
		D8EB79B31ABB45540058A474 /* Release */ = {
			isa = XCBuildConfiguration;
			buildSettings = {
				ALWAYS_SEARCH_USER_PATHS = NO;
				CLANG_CXX_LANGUAGE_STANDARD = "gnu++0x";
				CLANG_CXX_LIBRARY = "libc++";
				CLANG_ENABLE_MODULES = YES;
				CLANG_ENABLE_OBJC_ARC = YES;
				CLANG_WARN_BOOL_CONVERSION = YES;
				CLANG_WARN_CONSTANT_CONVERSION = YES;
				CLANG_WARN_DIRECT_OBJC_ISA_USAGE = YES_ERROR;
				CLANG_WARN_EMPTY_BODY = YES;
				CLANG_WARN_ENUM_CONVERSION = YES;
				CLANG_WARN_INT_CONVERSION = YES;
				CLANG_WARN_OBJC_ROOT_CLASS = YES_ERROR;
				CLANG_WARN_UNREACHABLE_CODE = YES;
				CLANG_WARN__DUPLICATE_METHOD_MATCH = YES;
				"CODE_SIGN_IDENTITY[sdk=iphoneos*]" = "iPhone Developer";
				COPY_PHASE_STRIP = NO;
				ENABLE_NS_ASSERTIONS = NO;
				ENABLE_STRICT_OBJC_MSGSEND = YES;
				GCC_C_LANGUAGE_STANDARD = gnu99;
				GCC_WARN_64_TO_32_BIT_CONVERSION = YES;
				GCC_WARN_ABOUT_RETURN_TYPE = YES_ERROR;
				GCC_WARN_UNDECLARED_SELECTOR = YES;
				GCC_WARN_UNINITIALIZED_AUTOS = YES_AGGRESSIVE;
				GCC_WARN_UNUSED_FUNCTION = YES;
				GCC_WARN_UNUSED_VARIABLE = YES;
				IPHONEOS_DEPLOYMENT_TARGET = 8.2;
				MTL_ENABLE_DEBUG_INFO = NO;
				SDKROOT = iphoneos;
				VALIDATE_PRODUCT = YES;
			};
			name = Release;
		};
		D8EB79B51ABB45540058A474 /* Debug */ = {
			isa = XCBuildConfiguration;
			buildSettings = {
				ASSETCATALOG_COMPILER_APPICON_NAME = AppIcon;
				INFOPLIST_FILE = "16 -- Forcaster/Info.plist";
				LD_RUNPATH_SEARCH_PATHS = "$(inherited) @executable_path/Frameworks";
				PRODUCT_NAME = "$(TARGET_NAME)";
			};
			name = Debug;
		};
		D8EB79B61ABB45540058A474 /* Release */ = {
			isa = XCBuildConfiguration;
			buildSettings = {
				ASSETCATALOG_COMPILER_APPICON_NAME = AppIcon;
				INFOPLIST_FILE = "16 -- Forcaster/Info.plist";
				LD_RUNPATH_SEARCH_PATHS = "$(inherited) @executable_path/Frameworks";
				PRODUCT_NAME = "$(TARGET_NAME)";
			};
			name = Release;
		};
		D8EB79B81ABB45540058A474 /* Debug */ = {
			isa = XCBuildConfiguration;
			buildSettings = {
				BUNDLE_LOADER = "$(TEST_HOST)";
				FRAMEWORK_SEARCH_PATHS = (
					"$(SDKROOT)/Developer/Library/Frameworks",
					"$(inherited)",
				);
				GCC_PREPROCESSOR_DEFINITIONS = (
					"DEBUG=1",
					"$(inherited)",
				);
				INFOPLIST_FILE = "16 -- ForcasterTests/Info.plist";
				LD_RUNPATH_SEARCH_PATHS = "$(inherited) @executable_path/Frameworks @loader_path/Frameworks";
				PRODUCT_NAME = "$(TARGET_NAME)";
				TEST_HOST = "$(BUILT_PRODUCTS_DIR)/16 -- Forcaster.app/16 -- Forcaster";
			};
			name = Debug;
		};
		D8EB79B91ABB45540058A474 /* Release */ = {
			isa = XCBuildConfiguration;
			buildSettings = {
				BUNDLE_LOADER = "$(TEST_HOST)";
				FRAMEWORK_SEARCH_PATHS = (
					"$(SDKROOT)/Developer/Library/Frameworks",
					"$(inherited)",
				);
				INFOPLIST_FILE = "16 -- ForcasterTests/Info.plist";
				LD_RUNPATH_SEARCH_PATHS = "$(inherited) @executable_path/Frameworks @loader_path/Frameworks";
				PRODUCT_NAME = "$(TARGET_NAME)";
				TEST_HOST = "$(BUILT_PRODUCTS_DIR)/16 -- Forcaster.app/16 -- Forcaster";
			};
			name = Release;
		};
/* End XCBuildConfiguration section */

/* Begin XCConfigurationList section */
		D8EB798C1ABB45540058A474 /* Build configuration list for PBXProject "16 -- Forcaster" */ = {
			isa = XCConfigurationList;
			buildConfigurations = (
				D8EB79B21ABB45540058A474 /* Debug */,
				D8EB79B31ABB45540058A474 /* Release */,
			);
			defaultConfigurationIsVisible = 0;
			defaultConfigurationName = Release;
		};
		D8EB79B41ABB45540058A474 /* Build configuration list for PBXNativeTarget "16 -- Forcaster" */ = {
			isa = XCConfigurationList;
			buildConfigurations = (
				D8EB79B51ABB45540058A474 /* Debug */,
				D8EB79B61ABB45540058A474 /* Release */,
			);
			defaultConfigurationIsVisible = 0;
		};
		D8EB79B71ABB45540058A474 /* Build configuration list for PBXNativeTarget "16 -- ForcasterTests" */ = {
			isa = XCConfigurationList;
			buildConfigurations = (
				D8EB79B81ABB45540058A474 /* Debug */,
				D8EB79B91ABB45540058A474 /* Release */,
			);
			defaultConfigurationIsVisible = 0;
		};
/* End XCConfigurationList section */
	};
	rootObject = D8EB79891ABB45540058A474 /* Project object */;
}
